# This file is autogenerated, do not edit; changes may be undone by the next 'dep ensure'.


[[projects]]
  branch = "master"
  name = "github.com/alxarch/go-socks5"
  packages = ["."]
  revision = "42ba4a00279f3f9aa768109712a505f2022aae63"

[[projects]]
  branch = "master"
  name = "github.com/hashicorp/yamux"
  packages = ["."]
  revision = "683f49123a33db61abfb241b7ac5e4af4dc54d55"

[solve-meta]
  analyzer-name = "dep"
  analyzer-version = 1
  inputs-digest = "c55748d2ee662566cddc757fdf6939cd632b158a3b1645df55064c0152ecf6d9"
  solver-name = "gps-cdcl"
  solver-version = 1
