# This file is autogenerated, do not edit; changes may be undone by the next 'dep ensure'.


[[projects]]
  branch = "master"
  name = "github.com/alxarch/go-socks5"
  packages = ["."]
  revision = "42ba4a00279f3f9aa768109712a505f2022aae63"

[[projects]]
  name = "github.com/pkg/errors"
  packages = ["."]
  revision = "645ef00459ed84a119197bfb8d8205042c6df63d"
  version = "v0.8.0"

[[projects]]
  name = "github.com/xtaci/smux"
  packages = ["."]
  revision = "e28719eede1ac5714cf0b06ba2f403125864ebe0"
  version = "v1.0.7"

[solve-meta]
  analyzer-name = "dep"
  analyzer-version = 1
  inputs-digest = "b4817b6d0c14420552ec2c81f987a635fb39ea2f918c05131b7613d7c09b28ac"
  solver-name = "gps-cdcl"
  solver-version = 1
